
Microsoft Visual Studio Solution File, Format Version 12.00
# Visual Studio Version 17
VisualStudioVersion = 17.10.35004.147
MinimumVisualStudioVersion = 10.0.40219.1
Project("{FAE04EC0-301F-11D3-BF4B-00C04F79EFBC}") = "DBrecords", "DBrecords.csproj", "{02BA597B-1BBA-4795-8381-E20A7D84998E}"
EndProject
Global
	GlobalSection(SolutionConfigurationPlatforms) = preSolution
		Debug|Any CPU = Debug|Any CPU
		Release|Any CPU = Release|Any CPU
	EndGlobalSection
	GlobalSection(ProjectConfigurationPlatforms) = postSolution
		{02BA597B-1BBA-4795-8381-E20A7D84998E}.Debug|Any CPU.ActiveCfg = Debug|Any CPU
		{02BA597B-1BBA-4795-8381-E20A7D84998E}.Debug|Any CPU.Build.0 = Debug|Any CPU
		{02BA597B-1BBA-4795-8381-E20A7D84998E}.Release|Any CPU.ActiveCfg = Release|Any CPU
		{02BA597B-1BBA-4795-8381-E20A7D84998E}.Release|Any CPU.Build.0 = Release|Any CPU
	EndGlobalSection
	GlobalSection(SolutionProperties) = preSolution
		HideSolutionNode = FALSE
	EndGlobalSection
	GlobalSection(ExtensibilityGlobals) = postSolution
		SolutionGuid = {077ABAB8-3694-4E33-A91D-E5162D64072D}
	EndGlobalSection
EndGlobal
